
Microsoft Visual Studio Solution File, Format Version 12.00
# Visual Studio 15
VisualStudioVersion = 15.0.28307.902
MinimumVisualStudioVersion = 10.0.40219.1
Project("{FAE04EC0-301F-11D3-BF4B-00C04F79EFBC}") = "DapperAspNetCore", "DapperAspNetCore\DapperAspNetCore.csproj", "{0623CB66-EF01-429D-B906-9011AB2BB042}"
EndProject
Global
	GlobalSection(SolutionConfigurationPlatforms) = preSolution
		Debug|Any CPU = Debug|Any CPU
		Release|Any CPU = Release|Any CPU
	EndGlobalSection
	GlobalSection(ProjectConfigurationPlatforms) = postSolution
		{0623CB66-EF01-429D-B906-9011AB2BB042}.Debug|Any CPU.ActiveCfg = Debug|Any CPU
		{0623CB66-EF01-429D-B906-9011AB2BB042}.Debug|Any CPU.Build.0 = Debug|Any CPU
		{0623CB66-EF01-429D-B906-9011AB2BB042}.Release|Any CPU.ActiveCfg = Release|Any CPU
		{0623CB66-EF01-429D-B906-9011AB2BB042}.Release|Any CPU.Build.0 = Release|Any CPU
	EndGlobalSection
	GlobalSection(SolutionProperties) = preSolution
		HideSolutionNode = FALSE
	EndGlobalSection
	GlobalSection(ExtensibilityGlobals) = postSolution
		SolutionGuid = {71448DD6-15DB-49CA-9FFF-1DCA7B81A330}
	EndGlobalSection
EndGlobal
